
Microsoft Visual Studio Solution File, Format Version 12.00
# Visual Studio Version 17
VisualStudioVersion = 17.14.36623.8
MinimumVisualStudioVersion = 10.0.40219.1
Project("{FAE04EC0-301F-11D3-BF4B-00C04F79EFBC}") = "BookingSystem.Domain", "BookingSystem.Domain\BookingSystem.Domain.csproj", "{CF0FD37B-7B84-448C-B035-864E941A80B8}"
EndProject
Project("{FAE04EC0-301F-11D3-BF4B-00C04F79EFBC}") = "BookingSystem.Application", "BookingSystem.Application\BookingSystem.Application.csproj", "{5DC7DDCC-62E0-4597-B428-D6B3CC0164AD}"
EndProject
Project("{FAE04EC0-301F-11D3-BF4B-00C04F79EFBC}") = "BookingSystem.Infrastructure", "BookingSystem.Infrastructure\BookingSystem.Infrastructure.csproj", "{6CE6EA82-2D8A-43E4-9F63-59B69B31575A}"
EndProject
Project("{FAE04EC0-301F-11D3-BF4B-00C04F79EFBC}") = "BookingSystem.Web", "BookingSystem.Web\BookingSystem.Web.csproj", "{43AA4B6B-D0A7-4BBC-9A19-91849BBCA1AA}"
EndProject
Project("{2150E333-8FDC-42A3-9474-1A3956D46DE8}") = "Solution Items", "Solution Items", "{8EC462FD-D22E-90A8-E5CE-7E832BA40C5D}"
	ProjectSection(SolutionItems) = preProject
		.dockerignore = .dockerignore
		.gitignore = .gitignore
		Dockerfile = Dockerfile
	EndProjectSection
EndProject
Global
	GlobalSection(SolutionConfigurationPlatforms) = preSolution
		Debug|Any CPU = Debug|Any CPU
		Release|Any CPU = Release|Any CPU
	EndGlobalSection
	GlobalSection(ProjectConfigurationPlatforms) = postSolution
		{CF0FD37B-7B84-448C-B035-864E941A80B8}.Debug|Any CPU.ActiveCfg = Debug|Any CPU
		{CF0FD37B-7B84-448C-B035-864E941A80B8}.Debug|Any CPU.Build.0 = Debug|Any CPU
		{CF0FD37B-7B84-448C-B035-864E941A80B8}.Release|Any CPU.ActiveCfg = Release|Any CPU
		{CF0FD37B-7B84-448C-B035-864E941A80B8}.Release|Any CPU.Build.0 = Release|Any CPU
		{5DC7DDCC-62E0-4597-B428-D6B3CC0164AD}.Debug|Any CPU.ActiveCfg = Debug|Any CPU
		{5DC7DDCC-62E0-4597-B428-D6B3CC0164AD}.Debug|Any CPU.Build.0 = Debug|Any CPU
		{5DC7DDCC-62E0-4597-B428-D6B3CC0164AD}.Release|Any CPU.ActiveCfg = Release|Any CPU
		{5DC7DDCC-62E0-4597-B428-D6B3CC0164AD}.Release|Any CPU.Build.0 = Release|Any CPU
		{6CE6EA82-2D8A-43E4-9F63-59B69B31575A}.Debug|Any CPU.ActiveCfg = Debug|Any CPU
		{6CE6EA82-2D8A-43E4-9F63-59B69B31575A}.Debug|Any CPU.Build.0 = Debug|Any CPU
		{6CE6EA82-2D8A-43E4-9F63-59B69B31575A}.Release|Any CPU.ActiveCfg = Release|Any CPU
		{6CE6EA82-2D8A-43E4-9F63-59B69B31575A}.Release|Any CPU.Build.0 = Release|Any CPU
		{43AA4B6B-D0A7-4BBC-9A19-91849BBCA1AA}.Debug|Any CPU.ActiveCfg = Debug|Any CPU
		{43AA4B6B-D0A7-4BBC-9A19-91849BBCA1AA}.Debug|Any CPU.Build.0 = Debug|Any CPU
		{43AA4B6B-D0A7-4BBC-9A19-91849BBCA1AA}.Release|Any CPU.ActiveCfg = Release|Any CPU
		{43AA4B6B-D0A7-4BBC-9A19-91849BBCA1AA}.Release|Any CPU.Build.0 = Release|Any CPU
	EndGlobalSection
	GlobalSection(SolutionProperties) = preSolution
		HideSolutionNode = FALSE
	EndGlobalSection
	GlobalSection(ExtensibilityGlobals) = postSolution
		SolutionGuid = {3CA8F961-13FC-4500-837F-0FEA075462A2}
	EndGlobalSection
EndGlobal
